
Microsoft Visual Studio Solution File, Format Version 12.00
# Visual Studio Version 16
VisualStudioVersion = 16.0.31005.135
MinimumVisualStudioVersion = 10.0.40219.1
Project("{FAE04EC0-301F-11D3-BF4B-00C04F79EFBC}") = "CowinDesktopApplication", "CowinDesktopApplication\CowinDesktopApplication.csproj", "{50026C0D-9EC3-4B39-B0F4-219B17AA4E14}"
EndProject
Global
	GlobalSection(SolutionConfigurationPlatforms) = preSolution
		Debug|Any CPU = Debug|Any CPU
		Release|Any CPU = Release|Any CPU
	EndGlobalSection
	GlobalSection(ProjectConfigurationPlatforms) = postSolution
		{50026C0D-9EC3-4B39-B0F4-219B17AA4E14}.Debug|Any CPU.ActiveCfg = Debug|Any CPU
		{50026C0D-9EC3-4B39-B0F4-219B17AA4E14}.Debug|Any CPU.Build.0 = Debug|Any CPU
		{50026C0D-9EC3-4B39-B0F4-219B17AA4E14}.Release|Any CPU.ActiveCfg = Release|Any CPU
		{50026C0D-9EC3-4B39-B0F4-219B17AA4E14}.Release|Any CPU.Build.0 = Release|Any CPU
	EndGlobalSection
	GlobalSection(SolutionProperties) = preSolution
		HideSolutionNode = FALSE
	EndGlobalSection
	GlobalSection(ExtensibilityGlobals) = postSolution
		SolutionGuid = {4686A846-245E-4CD9-B7BC-8445C4BC01F7}
	EndGlobalSection
EndGlobal
